
Microsoft Visual Studio Solution File, Format Version 12.00
# Visual Studio Version 17
VisualStudioVersion = 17.4.33103.184
MinimumVisualStudioVersion = 10.0.40219.1
Project("{9A19103F-16F7-4668-BE54-9A1E7A4F7556}") = "MagicVilla_API", "MagicVilla_API\MagicVilla_API.csproj", "{37B277F8-E30F-4D49-BC3E-F17F753161B9}"
EndProject
Project("{9A19103F-16F7-4668-BE54-9A1E7A4F7556}") = "MagicVilla_Web", "MagicVilla_Web\MagicVilla_Web.csproj", "{54FBDEF4-0C31-4F72-AF87-6FA121614CFA}"
	ProjectSection(ProjectDependencies) = postProject
		{12814F24-2184-4ACF-B053-CE5E59C377DF} = {12814F24-2184-4ACF-B053-CE5E59C377DF}
	EndProjectSection
EndProject
Project("{FAE04EC0-301F-11D3-BF4B-00C04F79EFBC}") = "MagicVilla_Utilidad", "MagicVilla_Utilidad\MagicVilla_Utilidad.csproj", "{12814F24-2184-4ACF-B053-CE5E59C377DF}"
EndProject
Global
	GlobalSection(SolutionConfigurationPlatforms) = preSolution
		Debug|Any CPU = Debug|Any CPU
		Release|Any CPU = Release|Any CPU
	EndGlobalSection
	GlobalSection(ProjectConfigurationPlatforms) = postSolution
		{37B277F8-E30F-4D49-BC3E-F17F753161B9}.Debug|Any CPU.ActiveCfg = Debug|Any CPU
		{37B277F8-E30F-4D49-BC3E-F17F753161B9}.Debug|Any CPU.Build.0 = Debug|Any CPU
		{37B277F8-E30F-4D49-BC3E-F17F753161B9}.Release|Any CPU.ActiveCfg = Release|Any CPU
		{37B277F8-E30F-4D49-BC3E-F17F753161B9}.Release|Any CPU.Build.0 = Release|Any CPU
		{54FBDEF4-0C31-4F72-AF87-6FA121614CFA}.Debug|Any CPU.ActiveCfg = Debug|Any CPU
		{54FBDEF4-0C31-4F72-AF87-6FA121614CFA}.Debug|Any CPU.Build.0 = Debug|Any CPU
		{54FBDEF4-0C31-4F72-AF87-6FA121614CFA}.Release|Any CPU.ActiveCfg = Release|Any CPU
		{54FBDEF4-0C31-4F72-AF87-6FA121614CFA}.Release|Any CPU.Build.0 = Release|Any CPU
		{12814F24-2184-4ACF-B053-CE5E59C377DF}.Debug|Any CPU.ActiveCfg = Debug|Any CPU
		{12814F24-2184-4ACF-B053-CE5E59C377DF}.Debug|Any CPU.Build.0 = Debug|Any CPU
		{12814F24-2184-4ACF-B053-CE5E59C377DF}.Release|Any CPU.ActiveCfg = Release|Any CPU
		{12814F24-2184-4ACF-B053-CE5E59C377DF}.Release|Any CPU.Build.0 = Release|Any CPU
	EndGlobalSection
	GlobalSection(SolutionProperties) = preSolution
		HideSolutionNode = FALSE
	EndGlobalSection
	GlobalSection(ExtensibilityGlobals) = postSolution
		SolutionGuid = {D3F20B40-9D06-4CD1-A06F-23C246DA0673}
	EndGlobalSection
EndGlobal
